
Microsoft Visual Studio Solution File, Format Version 12.00
# Visual Studio Version 17
VisualStudioVersion = 17.6.33723.286
MinimumVisualStudioVersion = 10.0.40219.1
Project("{FAE04EC0-301F-11D3-BF4B-00C04F79EFBC}") = "Praktika", "Praktika.csproj", "{DDE64B98-CD71-4634-AEEB-CC5914B8BF9B}"
EndProject
Global
	GlobalSection(SolutionConfigurationPlatforms) = preSolution
		Debug|Any CPU = Debug|Any CPU
		Release|Any CPU = Release|Any CPU
	EndGlobalSection
	GlobalSection(ProjectConfigurationPlatforms) = postSolution
		{DDE64B98-CD71-4634-AEEB-CC5914B8BF9B}.Debug|Any CPU.ActiveCfg = Debug|Any CPU
		{DDE64B98-CD71-4634-AEEB-CC5914B8BF9B}.Debug|Any CPU.Build.0 = Debug|Any CPU
		{DDE64B98-CD71-4634-AEEB-CC5914B8BF9B}.Release|Any CPU.ActiveCfg = Release|Any CPU
		{DDE64B98-CD71-4634-AEEB-CC5914B8BF9B}.Release|Any CPU.Build.0 = Release|Any CPU
	EndGlobalSection
	GlobalSection(SolutionProperties) = preSolution
		HideSolutionNode = FALSE
	EndGlobalSection
	GlobalSection(ExtensibilityGlobals) = postSolution
		SolutionGuid = {8106F562-9FB4-4653-95CB-07A59EA76F3A}
	EndGlobalSection
EndGlobal
